
Microsoft Visual Studio Solution File, Format Version 12.00
# Visual Studio Version 17
VisualStudioVersion = 17.5.33502.453
MinimumVisualStudioVersion = 10.0.40219.1
Project("{8BC9CEB8-8B4A-11D0-8D11-00A0C91BC942}") = "ParadigmaOOP2_049", "ParadigmaOOP2_049\ParadigmaOOP2_049.vcxproj", "{EF87C9E7-C465-4835-A45D-ED669F7920FA}"
EndProject
Project("{8BC9CEB8-8B4A-11D0-8D11-00A0C91BC942}") = "SolveMultiwaris", "SolveMultiwaris\SolveMultiwaris.vcxproj", "{78338412-7409-4EBA-B431-D4F2943B084D}"
EndProject
Project("{8BC9CEB8-8B4A-11D0-8D11-00A0C91BC942}") = "polimorphism", "polimorphism\polimorphism.vcxproj", "{B80B0EA8-7E1B-4180-A1AE-4D7CBED12F0F}"
EndProject
Project("{8BC9CEB8-8B4A-11D0-8D11-00A0C91BC942}") = "programNoOveriding", "programNoOveriding\programNoOveriding.vcxproj", "{A431ABB3-E191-4DEB-B1D5-BB129949F3F5}"
EndProject
Project("{8BC9CEB8-8B4A-11D0-8D11-00A0C91BC942}") = "programNOpewarisan", "programNOpewarisan\programNOpewarisan.vcxproj", "{417B420A-5BAB-4360-80A8-B849EC7B725A}"
EndProject
Project("{8BC9CEB8-8B4A-11D0-8D11-00A0C91BC942}") = "programEnkapsulasi", "programEnkapsulasi\programEnkapsulasi.vcxproj", "{6A8DC624-8738-4942-8A39-586C41DE3C6F}"
EndProject
Project("{8BC9CEB8-8B4A-11D0-8D11-00A0C91BC942}") = "programAbstraksi", "programAbstraksi\programAbstraksi.vcxproj", "{E7983EB9-6766-44BB-9D66-4BB42123A9D8}"
EndProject
Global
	GlobalSection(SolutionConfigurationPlatforms) = preSolution
		Debug|x64 = Debug|x64
		Debug|x86 = Debug|x86
		Release|x64 = Release|x64
		Release|x86 = Release|x86
	EndGlobalSection
	GlobalSection(ProjectConfigurationPlatforms) = postSolution
		{EF87C9E7-C465-4835-A45D-ED669F7920FA}.Debug|x64.ActiveCfg = Debug|x64
		{EF87C9E7-C465-4835-A45D-ED669F7920FA}.Debug|x64.Build.0 = Debug|x64
		{EF87C9E7-C465-4835-A45D-ED669F7920FA}.Debug|x86.ActiveCfg = Debug|Win32
		{EF87C9E7-C465-4835-A45D-ED669F7920FA}.Debug|x86.Build.0 = Debug|Win32
		{EF87C9E7-C465-4835-A45D-ED669F7920FA}.Release|x64.ActiveCfg = Release|x64
		{EF87C9E7-C465-4835-A45D-ED669F7920FA}.Release|x64.Build.0 = Release|x64
		{EF87C9E7-C465-4835-A45D-ED669F7920FA}.Release|x86.ActiveCfg = Release|Win32
		{EF87C9E7-C465-4835-A45D-ED669F7920FA}.Release|x86.Build.0 = Release|Win32
		{78338412-7409-4EBA-B431-D4F2943B084D}.Debug|x64.ActiveCfg = Debug|x64
		{78338412-7409-4EBA-B431-D4F2943B084D}.Debug|x64.Build.0 = Debug|x64
		{78338412-7409-4EBA-B431-D4F2943B084D}.Debug|x86.ActiveCfg = Debug|Win32
		{78338412-7409-4EBA-B431-D4F2943B084D}.Debug|x86.Build.0 = Debug|Win32
		{78338412-7409-4EBA-B431-D4F2943B084D}.Release|x64.ActiveCfg = Release|x64
		{78338412-7409-4EBA-B431-D4F2943B084D}.Release|x64.Build.0 = Release|x64
		{78338412-7409-4EBA-B431-D4F2943B084D}.Release|x86.ActiveCfg = Release|Win32
		{78338412-7409-4EBA-B431-D4F2943B084D}.Release|x86.Build.0 = Release|Win32
		{B80B0EA8-7E1B-4180-A1AE-4D7CBED12F0F}.Debug|x64.ActiveCfg = Debug|x64
		{B80B0EA8-7E1B-4180-A1AE-4D7CBED12F0F}.Debug|x64.Build.0 = Debug|x64
		{B80B0EA8-7E1B-4180-A1AE-4D7CBED12F0F}.Debug|x86.ActiveCfg = Debug|Win32
		{B80B0EA8-7E1B-4180-A1AE-4D7CBED12F0F}.Debug|x86.Build.0 = Debug|Win32
		{B80B0EA8-7E1B-4180-A1AE-4D7CBED12F0F}.Release|x64.ActiveCfg = Release|x64
		{B80B0EA8-7E1B-4180-A1AE-4D7CBED12F0F}.Release|x64.Build.0 = Release|x64
		{B80B0EA8-7E1B-4180-A1AE-4D7CBED12F0F}.Release|x86.ActiveCfg = Release|Win32
		{B80B0EA8-7E1B-4180-A1AE-4D7CBED12F0F}.Release|x86.Build.0 = Release|Win32
		{A431ABB3-E191-4DEB-B1D5-BB129949F3F5}.Debug|x64.ActiveCfg = Debug|x64
		{A431ABB3-E191-4DEB-B1D5-BB129949F3F5}.Debug|x64.Build.0 = Debug|x64
		{A431ABB3-E191-4DEB-B1D5-BB129949F3F5}.Debug|x86.ActiveCfg = Debug|Win32
		{A431ABB3-E191-4DEB-B1D5-BB129949F3F5}.Debug|x86.Build.0 = Debug|Win32
		{A431ABB3-E191-4DEB-B1D5-BB129949F3F5}.Release|x64.ActiveCfg = Release|x64
		{A431ABB3-E191-4DEB-B1D5-BB129949F3F5}.Release|x64.Build.0 = Release|x64
		{A431ABB3-E191-4DEB-B1D5-BB129949F3F5}.Release|x86.ActiveCfg = Release|Win32
		{A431ABB3-E191-4DEB-B1D5-BB129949F3F5}.Release|x86.Build.0 = Release|Win32
		{417B420A-5BAB-4360-80A8-B849EC7B725A}.Debug|x64.ActiveCfg = Debug|x64
		{417B420A-5BAB-4360-80A8-B849EC7B725A}.Debug|x64.Build.0 = Debug|x64
		{417B420A-5BAB-4360-80A8-B849EC7B725A}.Debug|x86.ActiveCfg = Debug|Win32
		{417B420A-5BAB-4360-80A8-B849EC7B725A}.Debug|x86.Build.0 = Debug|Win32
		{417B420A-5BAB-4360-80A8-B849EC7B725A}.Release|x64.ActiveCfg = Release|x64
		{417B420A-5BAB-4360-80A8-B849EC7B725A}.Release|x64.Build.0 = Release|x64
		{417B420A-5BAB-4360-80A8-B849EC7B725A}.Release|x86.ActiveCfg = Release|Win32
		{417B420A-5BAB-4360-80A8-B849EC7B725A}.Release|x86.Build.0 = Release|Win32
		{6A8DC624-8738-4942-8A39-586C41DE3C6F}.Debug|x64.ActiveCfg = Debug|x64
		{6A8DC624-8738-4942-8A39-586C41DE3C6F}.Debug|x64.Build.0 = Debug|x64
		{6A8DC624-8738-4942-8A39-586C41DE3C6F}.Debug|x86.ActiveCfg = Debug|Win32
		{6A8DC624-8738-4942-8A39-586C41DE3C6F}.Debug|x86.Build.0 = Debug|Win32
		{6A8DC624-8738-4942-8A39-586C41DE3C6F}.Release|x64.ActiveCfg = Release|x64
		{6A8DC624-8738-4942-8A39-586C41DE3C6F}.Release|x64.Build.0 = Release|x64
		{6A8DC624-8738-4942-8A39-586C41DE3C6F}.Release|x86.ActiveCfg = Release|Win32
		{6A8DC624-8738-4942-8A39-586C41DE3C6F}.Release|x86.Build.0 = Release|Win32
		{E7983EB9-6766-44BB-9D66-4BB42123A9D8}.Debug|x64.ActiveCfg = Debug|x64
		{E7983EB9-6766-44BB-9D66-4BB42123A9D8}.Debug|x64.Build.0 = Debug|x64
		{E7983EB9-6766-44BB-9D66-4BB42123A9D8}.Debug|x86.ActiveCfg = Debug|Win32
		{E7983EB9-6766-44BB-9D66-4BB42123A9D8}.Debug|x86.Build.0 = Debug|Win32
		{E7983EB9-6766-44BB-9D66-4BB42123A9D8}.Release|x64.ActiveCfg = Release|x64
		{E7983EB9-6766-44BB-9D66-4BB42123A9D8}.Release|x64.Build.0 = Release|x64
		{E7983EB9-6766-44BB-9D66-4BB42123A9D8}.Release|x86.ActiveCfg = Release|Win32
		{E7983EB9-6766-44BB-9D66-4BB42123A9D8}.Release|x86.Build.0 = Release|Win32
	EndGlobalSection
	GlobalSection(SolutionProperties) = preSolution
		HideSolutionNode = FALSE
	EndGlobalSection
	GlobalSection(ExtensibilityGlobals) = postSolution
		SolutionGuid = {7D8A926D-81CB-430A-B3C8-54DE75B40CCB}
	EndGlobalSection
EndGlobal
